// !$*UTF8*$!
{
	archiveVersion = 1;
	classes = {
	};
	objectVersion = 46;
	objects = {

/* Begin PBXBuildFile section */
		3F061DE31D899FE80095987D /* AppDelegate.swift in Sources */ = {isa = PBXBuildFile; fileRef = 3F061DE21D899FE80095987D /* AppDelegate.swift */; };
		3F061DE51D899FE80095987D /* ViewController.swift in Sources */ = {isa = PBXBuildFile; fileRef = 3F061DE41D899FE80095987D /* ViewController.swift */; };
		3F061DE81D899FE80095987D /* Main.storyboard in Resources */ = {isa = PBXBuildFile; fileRef = 3F061DE61D899FE80095987D /* Main.storyboard */; };
		3F061DEA1D899FE80095987D /* Assets.xcassets in Resources */ = {isa = PBXBuildFile; fileRef = 3F061DE91D899FE80095987D /* Assets.xcassets */; };
		3F061DED1D899FE80095987D /* LaunchScreen.storyboard in Resources */ = {isa = PBXBuildFile; fileRef = 3F061DEB1D899FE80095987D /* LaunchScreen.storyboard */; };
		3F061DF81D899FE90095987D /* multiplyAppTests.swift in Sources */ = {isa = PBXBuildFile; fileRef = 3F061DF71D899FE90095987D /* multiplyAppTests.swift */; };
		3F061E031D899FE90095987D /* multiplyAppUITests.swift in Sources */ = {isa = PBXBuildFile; fileRef = 3F061E021D899FE90095987D /* multiplyAppUITests.swift */; };
/* End PBXBuildFile section */

/* Begin PBXContainerItemProxy section */
		3F061DF41D899FE90095987D /* PBXContainerItemProxy */ = {
			isa = PBXContainerItemProxy;
			containerPortal = 3F061DD71D899FE80095987D /* Project object */;
			proxyType = 1;
			remoteGlobalIDString = 3F061DDE1D899FE80095987D;
			remoteInfo = multiplyApp;
		};
		3F061DFF1D899FE90095987D /* PBXContainerItemProxy */ = {
			isa = PBXContainerItemProxy;
			containerPortal = 3F061DD71D899FE80095987D /* Project object */;
			proxyType = 1;
			remoteGlobalIDString = 3F061DDE1D899FE80095987D;
			remoteInfo = multiplyApp;
		};
/* End PBXContainerItemProxy section */

/* Begin PBXFileReference section */
		3F061DDF1D899FE80095987D /* multiplyApp.app */ = {isa = PBXFileReference; explicitFileType = wrapper.application; includeInIndex = 0; path = multiplyApp.app; sourceTree = BUILT_PRODUCTS_DIR; };
		3F061DE21D899FE80095987D /* AppDelegate.swift */ = {isa = PBXFileReference; lastKnownFileType = sourcecode.swift; path = AppDelegate.swift; sourceTree = "<group>"; };
		3F061DE41D899FE80095987D /* ViewController.swift */ = {isa = PBXFileReference; lastKnownFileType = sourcecode.swift; path = ViewController.swift; sourceTree = "<group>"; };
		3F061DE71D899FE80095987D /* Base */ = {isa = PBXFileReference; lastKnownFileType = file.storyboard; name = Base; path = Base.lproj/Main.storyboard; sourceTree = "<group>"; };
		3F061DE91D899FE80095987D /* Assets.xcassets */ = {isa = PBXFileReference; lastKnownFileType = folder.assetcatalog; path = Assets.xcassets; sourceTree = "<group>"; };
		3F061DEC1D899FE80095987D /* Base */ = {isa = PBXFileReference; lastKnownFileType = file.storyboard; name = Base; path = Base.lproj/LaunchScreen.storyboard; sourceTree = "<group>"; };
		3F061DEE1D899FE80095987D /* Info.plist */ = {isa = PBXFileReference; lastKnownFileType = text.plist.xml; path = Info.plist; sourceTree = "<group>"; };
		3F061DF31D899FE90095987D /* multiplyAppTests.xctest */ = {isa = PBXFileReference; explicitFileType = wrapper.cfbundle; includeInIndex = 0; path = multiplyAppTests.xctest; sourceTree = BUILT_PRODUCTS_DIR; };
		3F061DF71D899FE90095987D /* multiplyAppTests.swift */ = {isa = PBXFileReference; lastKnownFileType = sourcecode.swift; path = multiplyAppTests.swift; sourceTree = "<group>"; };
		3F061DF91D899FE90095987D /* Info.plist */ = {isa = PBXFileReference; lastKnownFileType = text.plist.xml; path = Info.plist; sourceTree = "<group>"; };
		3F061DFE1D899FE90095987D /* multiplyAppUITests.xctest */ = {isa = PBXFileReference; explicitFileType = wrapper.cfbundle; includeInIndex = 0; path = multiplyAppUITests.xctest; sourceTree = BUILT_PRODUCTS_DIR; };
		3F061E021D899FE90095987D /* multiplyAppUITests.swift */ = {isa = PBXFileReference; lastKnownFileType = sourcecode.swift; path = multiplyAppUITests.swift; sourceTree = "<group>"; };
		3F061E041D899FE90095987D /* Info.plist */ = {isa = PBXFileReference; lastKnownFileType = text.plist.xml; path = Info.plist; sourceTree = "<group>"; };
/* End PBXFileReference section */

/* Begin PBXFrameworksBuildPhase section */
		3F061DDC1D899FE80095987D /* Frameworks */ = {
			isa = PBXFrameworksBuildPhase;
			buildActionMask = 2147483647;
			files = (
			);
			runOnlyForDeploymentPostprocessing = 0;
		};
		3F061DF01D899FE90095987D /* Frameworks */ = {
			isa = PBXFrameworksBuildPhase;
			buildActionMask = 2147483647;
			files = (
			);
			runOnlyForDeploymentPostprocessing = 0;
		};
		3F061DFB1D899FE90095987D /* Frameworks */ = {
			isa = PBXFrameworksBuildPhase;
			buildActionMask = 2147483647;
			files = (
			);
			runOnlyForDeploymentPostprocessing = 0;
		};
/* End PBXFrameworksBuildPhase section */

/* Begin PBXGroup section */
		3F061DD61D899FE80095987D = {
			isa = PBXGroup;
			children = (
				3F061DE11D899FE80095987D /* multiplyApp */,
				3F061DF61D899FE90095987D /* multiplyAppTests */,
				3F061E011D899FE90095987D /* multiplyAppUITests */,
				3F061DE01D899FE80095987D /* Products */,
			);
			sourceTree = "<group>";
		};
		3F061DE01D899FE80095987D /* Products */ = {
			isa = PBXGroup;
			children = (
				3F061DDF1D899FE80095987D /* multiplyApp.app */,
				3F061DF31D899FE90095987D /* multiplyAppTests.xctest */,
				3F061DFE1D899FE90095987D /* multiplyAppUITests.xctest */,
			);
			name = Products;
			sourceTree = "<group>";
		};
		3F061DE11D899FE80095987D /* multiplyApp */ = {
			isa = PBXGroup;
			children = (
				3F061DE21D899FE80095987D /* AppDelegate.swift */,
				3F061DE41D899FE80095987D /* ViewController.swift */,
				3F061DE61D899FE80095987D /* Main.storyboard */,
				3F061DE91D899FE80095987D /* Assets.xcassets */,
				3F061DEB1D899FE80095987D /* LaunchScreen.storyboard */,
				3F061DEE1D899FE80095987D /* Info.plist */,
			);
			path = multiplyApp;
			sourceTree = "<group>";
		};
		3F061DF61D899FE90095987D /* multiplyAppTests */ = {
			isa = PBXGroup;
			children = (
				3F061DF71D899FE90095987D /* multiplyAppTests.swift */,
				3F061DF91D899FE90095987D /* Info.plist */,
			);
			path = multiplyAppTests;
			sourceTree = "<group>";
		};
		3F061E011D899FE90095987D /* multiplyAppUITests */ = {
			isa = PBXGroup;
			children = (
				3F061E021D899FE90095987D /* multiplyAppUITests.swift */,
				3F061E041D899FE90095987D /* Info.plist */,
			);
			path = multiplyAppUITests;
			sourceTree = "<group>";
		};
/* End PBXGroup section */

/* Begin PBXNativeTarget section */
		3F061DDE1D899FE80095987D /* multiplyApp */ = {
			isa = PBXNativeTarget;
			buildConfigurationList = 3F061E071D899FE90095987D /* Build configuration list for PBXNativeTarget "multiplyApp" */;
			buildPhases = (
				3F061DDB1D899FE80095987D /* Sources */,
				3F061DDC1D899FE80095987D /* Frameworks */,
				3F061DDD1D899FE80095987D /* Resources */,
			);
			buildRules = (
			);
			dependencies = (
			);
			name = multiplyApp;
			productName = multiplyApp;
			productReference = 3F061DDF1D899FE80095987D /* multiplyApp.app */;
			productType = "com.apple.product-type.application";
		};
		3F061DF21D899FE90095987D /* multiplyAppTests */ = {
			isa = PBXNativeTarget;
			buildConfigurationList = 3F061E0A1D899FE90095987D /* Build configuration list for PBXNativeTarget "multiplyAppTests" */;
			buildPhases = (
				3F061DEF1D899FE90095987D /* Sources */,
				3F061DF01D899FE90095987D /* Frameworks */,
				3F061DF11D899FE90095987D /* Resources */,
			);
			buildRules = (
			);
			dependencies = (
				3F061DF51D899FE90095987D /* PBXTargetDependency */,
			);
			name = multiplyAppTests;
			productName = multiplyAppTests;
			productReference = 3F061DF31D899FE90095987D /* multiplyAppTests.xctest */;
			productType = "com.apple.product-type.bundle.unit-test";
		};
		3F061DFD1D899FE90095987D /* multiplyAppUITests */ = {
			isa = PBXNativeTarget;
			buildConfigurationList = 3F061E0D1D899FE90095987D /* Build configuration list for PBXNativeTarget "multiplyAppUITests" */;
			buildPhases = (
				3F061DFA1D899FE90095987D /* Sources */,
				3F061DFB1D899FE90095987D /* Frameworks */,
				3F061DFC1D899FE90095987D /* Resources */,
			);
			buildRules = (
			);
			dependencies = (
				3F061E001D899FE90095987D /* PBXTargetDependency */,
			);
			name = multiplyAppUITests;
			productName = multiplyAppUITests;
			productReference = 3F061DFE1D899FE90095987D /* multiplyAppUITests.xctest */;
			productType = "com.apple.product-type.bundle.ui-testing";
		};
/* End PBXNativeTarget section */

/* Begin PBXProject section */
		3F061DD71D899FE80095987D /* Project object */ = {
			isa = PBXProject;
			attributes = {
				LastSwiftUpdateCheck = 0730;
				LastUpgradeCheck = 0730;
				ORGANIZATIONNAME = Student;
				TargetAttributes = {
					3F061DDE1D899FE80095987D = {
						CreatedOnToolsVersion = 7.3.1;
					};
					3F061DF21D899FE90095987D = {
						CreatedOnToolsVersion = 7.3.1;
						TestTargetID = 3F061DDE1D899FE80095987D;
					};
					3F061DFD1D899FE90095987D = {
						CreatedOnToolsVersion = 7.3.1;
						TestTargetID = 3F061DDE1D899FE80095987D;
					};
				};
			};
			buildConfigurationList = 3F061DDA1D899FE80095987D /* Build configuration list for PBXProject "multiplyApp" */;
			compatibilityVersion = "Xcode 3.2";
			developmentRegion = English;
			hasScannedForEncodings = 0;
			knownRegions = (
				en,
				Base,
			);
			mainGroup = 3F061DD61D899FE80095987D;
			productRefGroup = 3F061DE01D899FE80095987D /* Products */;
			projectDirPath = "";
			projectRoot = "";
			targets = (
				3F061DDE1D899FE80095987D /* multiplyApp */,
				3F061DF21D899FE90095987D /* multiplyAppTests */,
				3F061DFD1D899FE90095987D /* multiplyAppUITests */,
			);
		};
/* End PBXProject section */

/* Begin PBXResourcesBuildPhase section */
		3F061DDD1D899FE80095987D /* Resources */ = {
			isa = PBXResourcesBuildPhase;
			buildActionMask = 2147483647;
			files = (
				3F061DED1D899FE80095987D /* LaunchScreen.storyboard in Resources */,
				3F061DEA1D899FE80095987D /* Assets.xcassets in Resources */,
				3F061DE81D899FE80095987D /* Main.storyboard in Resources */,
			);
			runOnlyForDeploymentPostprocessing = 0;
		};
		3F061DF11D899FE90095987D /* Resources */ = {
			isa = PBXResourcesBuildPhase;
			buildActionMask = 2147483647;
			files = (
			);
			runOnlyForDeploymentPostprocessing = 0;
		};
		3F061DFC1D899FE90095987D /* Resources */ = {
			isa = PBXResourcesBuildPhase;
			buildActionMask = 2147483647;
			files = (
			);
			runOnlyForDeploymentPostprocessing = 0;
		};
/* End PBXResourcesBuildPhase section */

/* Begin PBXSourcesBuildPhase section */
		3F061DDB1D899FE80095987D /* Sources */ = {
			isa = PBXSourcesBuildPhase;
			buildActionMask = 2147483647;
			files = (
				3F061DE51D899FE80095987D /* ViewController.swift in Sources */,
				3F061DE31D899FE80095987D /* AppDelegate.swift in Sources */,
			);
			runOnlyForDeploymentPostprocessing = 0;
		};
		3F061DEF1D899FE90095987D /* Sources */ = {
			isa = PBXSourcesBuildPhase;
			buildActionMask = 2147483647;
			files = (
				3F061DF81D899FE90095987D /* multiplyAppTests.swift in Sources */,
			);
			runOnlyForDeploymentPostprocessing = 0;
		};
		3F061DFA1D899FE90095987D /* Sources */ = {
			isa = PBXSourcesBuildPhase;
			buildActionMask = 2147483647;
			files = (
				3F061E031D899FE90095987D /* multiplyAppUITests.swift in Sources */,
			);
			runOnlyForDeploymentPostprocessing = 0;
		};
/* End PBXSourcesBuildPhase section */

/* Begin PBXTargetDependency section */
		3F061DF51D899FE90095987D /* PBXTargetDependency */ = {
			isa = PBXTargetDependency;
			target = 3F061DDE1D899FE80095987D /* multiplyApp */;
			targetProxy = 3F061DF41D899FE90095987D /* PBXContainerItemProxy */;
		};
		3F061E001D899FE90095987D /* PBXTargetDependency */ = {
			isa = PBXTargetDependency;
			target = 3F061DDE1D899FE80095987D /* multiplyApp */;
			targetProxy = 3F061DFF1D899FE90095987D /* PBXContainerItemProxy */;
		};
/* End PBXTargetDependency section */

/* Begin PBXVariantGroup section */
		3F061DE61D899FE80095987D /* Main.storyboard */ = {
			isa = PBXVariantGroup;
			children = (
				3F061DE71D899FE80095987D /* Base */,
			);
			name = Main.storyboard;
			sourceTree = "<group>";
		};
		3F061DEB1D899FE80095987D /* LaunchScreen.storyboard */ = {
			isa = PBXVariantGroup;
			children = (
				3F061DEC1D899FE80095987D /* Base */,
			);
			name = LaunchScreen.storyboard;
			sourceTree = "<group>";
		};
/* End PBXVariantGroup section */

/* Begin XCBuildConfiguration section */
		3F061E051D899FE90095987D /* Debug */ = {
			isa = XCBuildConfiguration;
			buildSettings = {
				ALWAYS_SEARCH_USER_PATHS = NO;
				CLANG_ANALYZER_NONNULL = YES;
				CLANG_CXX_LANGUAGE_STANDARD = "gnu++0x";
				CLANG_CXX_LIBRARY = "libc++";
				CLANG_ENABLE_MODULES = YES;
				CLANG_ENABLE_OBJC_ARC = YES;
				CLANG_WARN_BOOL_CONVERSION = YES;
				CLANG_WARN_CONSTANT_CONVERSION = YES;
				CLANG_WARN_DIRECT_OBJC_ISA_USAGE = YES_ERROR;
				CLANG_WARN_EMPTY_BODY = YES;
				CLANG_WARN_ENUM_CONVERSION = YES;
				CLANG_WARN_INT_CONVERSION = YES;
				CLANG_WARN_OBJC_ROOT_CLASS = YES_ERROR;
				CLANG_WARN_UNREACHABLE_CODE = YES;
				CLANG_WARN__DUPLICATE_METHOD_MATCH = YES;
				"CODE_SIGN_IDENTITY[sdk=iphoneos*]" = "iPhone Developer";
				COPY_PHASE_STRIP = NO;
				DEBUG_INFORMATION_FORMAT = dwarf;
				ENABLE_STRICT_OBJC_MSGSEND = YES;
				ENABLE_TESTABILITY = YES;
				GCC_C_LANGUAGE_STANDARD = gnu99;
				GCC_DYNAMIC_NO_PIC = NO;
				GCC_NO_COMMON_BLOCKS = YES;
				GCC_OPTIMIZATION_LEVEL = 0;
				GCC_PREPROCESSOR_DEFINITIONS = (
					"DEBUG=1",
					"$(inherited)",
				);
				GCC_WARN_64_TO_32_BIT_CONVERSION = YES;
				GCC_WARN_ABOUT_RETURN_TYPE = YES_ERROR;
				GCC_WARN_UNDECLARED_SELECTOR = YES;
				GCC_WARN_UNINITIALIZED_AUTOS = YES_AGGRESSIVE;
				GCC_WARN_UNUSED_FUNCTION = YES;
				GCC_WARN_UNUSED_VARIABLE = YES;
				IPHONEOS_DEPLOYMENT_TARGET = 9.3;
				MTL_ENABLE_DEBUG_INFO = YES;
				ONLY_ACTIVE_ARCH = YES;
				SDKROOT = iphoneos;
				SWIFT_OPTIMIZATION_LEVEL = "-Onone";
				TARGETED_DEVICE_FAMILY = "1,2";
			};
			name = Debug;
		};
		3F061E061D899FE90095987D /* Release */ = {
			isa = XCBuildConfiguration;
			buildSettings = {
				ALWAYS_SEARCH_USER_PATHS = NO;
				CLANG_ANALYZER_NONNULL = YES;
				CLANG_CXX_LANGUAGE_STANDARD = "gnu++0x";
				CLANG_CXX_LIBRARY = "libc++";
				CLANG_ENABLE_MODULES = YES;
				CLANG_ENABLE_OBJC_ARC = YES;
				CLANG_WARN_BOOL_CONVERSION = YES;
				CLANG_WARN_CONSTANT_CONVERSION = YES;
				CLANG_WARN_DIRECT_OBJC_ISA_USAGE = YES_ERROR;
				CLANG_WARN_EMPTY_BODY = YES;
				CLANG_WARN_ENUM_CONVERSION = YES;
				CLANG_WARN_INT_CONVERSION = YES;
				CLANG_WARN_OBJC_ROOT_CLASS = YES_ERROR;
				CLANG_WARN_UNREACHABLE_CODE = YES;
				CLANG_WARN__DUPLICATE_METHOD_MATCH = YES;
				"CODE_SIGN_IDENTITY[sdk=iphoneos*]" = "iPhone Developer";
				COPY_PHASE_STRIP = NO;
				DEBUG_INFORMATION_FORMAT = "dwarf-with-dsym";
				ENABLE_NS_ASSERTIONS = NO;
				ENABLE_STRICT_OBJC_MSGSEND = YES;
				GCC_C_LANGUAGE_STANDARD = gnu99;
				GCC_NO_COMMON_BLOCKS = YES;
				GCC_WARN_64_TO_32_BIT_CONVERSION = YES;
				GCC_WARN_ABOUT_RETURN_TYPE = YES_ERROR;
				GCC_WARN_UNDECLARED_SELECTOR = YES;
				GCC_WARN_UNINITIALIZED_AUTOS = YES_AGGRESSIVE;
				GCC_WARN_UNUSED_FUNCTION = YES;
				GCC_WARN_UNUSED_VARIABLE = YES;
				IPHONEOS_DEPLOYMENT_TARGET = 9.3;
				MTL_ENABLE_DEBUG_INFO = NO;
				SDKROOT = iphoneos;
				TARGETED_DEVICE_FAMILY = "1,2";
				VALIDATE_PRODUCT = YES;
			};
			name = Release;
		};
		3F061E081D899FE90095987D /* Debug */ = {
			isa = XCBuildConfiguration;
			buildSettings = {
				ASSETCATALOG_COMPILER_APPICON_NAME = AppIcon;
				INFOPLIST_FILE = multiplyApp/Info.plist;
				LD_RUNPATH_SEARCH_PATHS = "$(inherited) @executable_path/Frameworks";
				PRODUCT_BUNDLE_IDENTIFIER = bhs.multiplyApp;
				PRODUCT_NAME = "$(TARGET_NAME)";
			};
			name = Debug;
		};
		3F061E091D899FE90095987D /* Release */ = {
			isa = XCBuildConfiguration;
			buildSettings = {
				ASSETCATALOG_COMPILER_APPICON_NAME = AppIcon;
				INFOPLIST_FILE = multiplyApp/Info.plist;
				LD_RUNPATH_SEARCH_PATHS = "$(inherited) @executable_path/Frameworks";
				PRODUCT_BUNDLE_IDENTIFIER = bhs.multiplyApp;
				PRODUCT_NAME = "$(TARGET_NAME)";
			};
			name = Release;
		};
		3F061E0B1D899FE90095987D /* Debug */ = {
			isa = XCBuildConfiguration;
			buildSettings = {
				BUNDLE_LOADER = "$(TEST_HOST)";
				INFOPLIST_FILE = multiplyAppTests/Info.plist;
				LD_RUNPATH_SEARCH_PATHS = "$(inherited) @executable_path/Frameworks @loader_path/Frameworks";
				PRODUCT_BUNDLE_IDENTIFIER = bhs.multiplyAppTests;
				PRODUCT_NAME = "$(TARGET_NAME)";
				TEST_HOST = "$(BUILT_PRODUCTS_DIR)/multiplyApp.app/multiplyApp";
			};
			name = Debug;
		};
		3F061E0C1D899FE90095987D /* Release */ = {
			isa = XCBuildConfiguration;
			buildSettings = {
				BUNDLE_LOADER = "$(TEST_HOST)";
				INFOPLIST_FILE = multiplyAppTests/Info.plist;
				LD_RUNPATH_SEARCH_PATHS = "$(inherited) @executable_path/Frameworks @loader_path/Frameworks";
				PRODUCT_BUNDLE_IDENTIFIER = bhs.multiplyAppTests;
				PRODUCT_NAME = "$(TARGET_NAME)";
				TEST_HOST = "$(BUILT_PRODUCTS_DIR)/multiplyApp.app/multiplyApp";
			};
			name = Release;
		};
		3F061E0E1D899FE90095987D /* Debug */ = {
			isa = XCBuildConfiguration;
			buildSettings = {
				INFOPLIST_FILE = multiplyAppUITests/Info.plist;
				LD_RUNPATH_SEARCH_PATHS = "$(inherited) @executable_path/Frameworks @loader_path/Frameworks";
				PRODUCT_BUNDLE_IDENTIFIER = bhs.multiplyAppUITests;
				PRODUCT_NAME = "$(TARGET_NAME)";
				TEST_TARGET_NAME = multiplyApp;
			};
			name = Debug;
		};
		3F061E0F1D899FE90095987D /* Release */ = {
			isa = XCBuildConfiguration;
			buildSettings = {
				INFOPLIST_FILE = multiplyAppUITests/Info.plist;
				LD_RUNPATH_SEARCH_PATHS = "$(inherited) @executable_path/Frameworks @loader_path/Frameworks";
				PRODUCT_BUNDLE_IDENTIFIER = bhs.multiplyAppUITests;
				PRODUCT_NAME = "$(TARGET_NAME)";
				TEST_TARGET_NAME = multiplyApp;
			};
			name = Release;
		};
/* End XCBuildConfiguration section */

/* Begin XCConfigurationList section */
		3F061DDA1D899FE80095987D /* Build configuration list for PBXProject "multiplyApp" */ = {
			isa = XCConfigurationList;
			buildConfigurations = (
				3F061E051D899FE90095987D /* Debug */,
				3F061E061D899FE90095987D /* Release */,
			);
			defaultConfigurationIsVisible = 0;
			defaultConfigurationName = Release;
		};
		3F061E071D899FE90095987D /* Build configuration list for PBXNativeTarget "multiplyApp" */ = {
			isa = XCConfigurationList;
			buildConfigurations = (
				3F061E081D899FE90095987D /* Debug */,
				3F061E091D899FE90095987D /* Release */,
			);
			defaultConfigurationIsVisible = 0;
		};
		3F061E0A1D899FE90095987D /* Build configuration list for PBXNativeTarget "multiplyAppTests" */ = {
			isa = XCConfigurationList;
			buildConfigurations = (
				3F061E0B1D899FE90095987D /* Debug */,
				3F061E0C1D899FE90095987D /* Release */,
			);
			defaultConfigurationIsVisible = 0;
		};
		3F061E0D1D899FE90095987D /* Build configuration list for PBXNativeTarget "multiplyAppUITests" */ = {
			isa = XCConfigurationList;
			buildConfigurations = (
				3F061E0E1D899FE90095987D /* Debug */,
				3F061E0F1D899FE90095987D /* Release */,
			);
			defaultConfigurationIsVisible = 0;
		};
/* End XCConfigurationList section */
	};
	rootObject = 3F061DD71D899FE80095987D /* Project object */;
}
